Microsoft Visual Studio Solution File, Format Version 12.00
# Visual Studio Version 17
VisualStudioVersion = 17.5.2.0
MinimumVisualStudioVersion = 10.0.40219.1
Project("{FAE04EC0-301F-11D3-BF4B-00C04F79EFBC}") = "TaskAnalyzerApi", "TaskAnalyzerApi.csproj", "{639B8C72-B654-FDBC-75E6-DE3EC24257B1}"
EndProject
Global
	GlobalSection(SolutionConfigurationPlatforms) = preSolution
		Debug|Any CPU = Debug|Any CPU
		Release|Any CPU = Release|Any CPU
	EndGlobalSection
	GlobalSection(ProjectConfigurationPlatforms) = postSolution
		{639B8C72-B654-FDBC-75E6-DE3EC24257B1}.Debug|Any CPU.ActiveCfg = Debug|Any CPU
		{639B8C72-B654-FDBC-75E6-DE3EC24257B1}.Debug|Any CPU.Build.0 = Debug|Any CPU
		{639B8C72-B654-FDBC-75E6-DE3EC24257B1}.Release|Any CPU.ActiveCfg = Release|Any CPU
		{639B8C72-B654-FDBC-75E6-DE3EC24257B1}.Release|Any CPU.Build.0 = Release|Any CPU
	EndGlobalSection
	GlobalSection(SolutionProperties) = preSolution
		HideSolutionNode = FALSE
	EndGlobalSection
	GlobalSection(ExtensibilityGlobals) = postSolution
		SolutionGuid = {610064D5-9561-41AB-A0A5-22F85EC245BD}
	EndGlobalSection
EndGlobal
